
Microsoft Visual Studio Solution File, Format Version 12.00
# Visual Studio 15
VisualStudioVersion = 15.0.28307.136
MinimumVisualStudioVersion = 10.0.40219.1
Project("{FAE04EC0-301F-11D3-BF4B-00C04F79EFBC}") = "BurnSoft.Database", "BurnSoft.Database\BurnSoft.Database.csproj", "{9F0E38E2-1A59-4FD5-9FC5-461424C0C92B}"
EndProject
Project("{FAE04EC0-301F-11D3-BF4B-00C04F79EFBC}") = "UnitTestProject_Database", "UnitTestProject_Database\UnitTestProject_Database.csproj", "{133FCBAD-D906-4D83-908E-6AD2081E394A}"
EndProject
Project("{54435603-DBB4-11D2-8724-00A0C9A8B90C}") = "BurnSoftDatabase_Installer", "BurnSoftDatabase_Installer\BurnSoftDatabase_Installer.vdproj", "{94874610-8A45-4F48-8D30-3C06B34D833B}"
EndProject
Global
	GlobalSection(SolutionConfigurationPlatforms) = preSolution
		Debug|Any CPU = Debug|Any CPU
		Release|Any CPU = Release|Any CPU
	EndGlobalSection
	GlobalSection(ProjectConfigurationPlatforms) = postSolution
		{9F0E38E2-1A59-4FD5-9FC5-461424C0C92B}.Debug|Any CPU.ActiveCfg = Debug|Any CPU
		{9F0E38E2-1A59-4FD5-9FC5-461424C0C92B}.Debug|Any CPU.Build.0 = Debug|Any CPU
		{9F0E38E2-1A59-4FD5-9FC5-461424C0C92B}.Release|Any CPU.ActiveCfg = Release|Any CPU
		{9F0E38E2-1A59-4FD5-9FC5-461424C0C92B}.Release|Any CPU.Build.0 = Release|Any CPU
		{133FCBAD-D906-4D83-908E-6AD2081E394A}.Debug|Any CPU.ActiveCfg = Debug|Any CPU
		{133FCBAD-D906-4D83-908E-6AD2081E394A}.Debug|Any CPU.Build.0 = Debug|Any CPU
		{133FCBAD-D906-4D83-908E-6AD2081E394A}.Release|Any CPU.ActiveCfg = Release|Any CPU
		{133FCBAD-D906-4D83-908E-6AD2081E394A}.Release|Any CPU.Build.0 = Release|Any CPU
		{94874610-8A45-4F48-8D30-3C06B34D833B}.Debug|Any CPU.ActiveCfg = Debug
		{94874610-8A45-4F48-8D30-3C06B34D833B}.Release|Any CPU.ActiveCfg = Release
	EndGlobalSection
	GlobalSection(SolutionProperties) = preSolution
		HideSolutionNode = FALSE
	EndGlobalSection
	GlobalSection(ExtensibilityGlobals) = postSolution
		SolutionGuid = {663704C8-BAD1-48CA-B6F1-314A75B76912}
	EndGlobalSection
EndGlobal
